
Microsoft Visual Studio Solution File, Format Version 12.00
# Visual Studio Version 17
VisualStudioVersion = 17.3.32804.467
MinimumVisualStudioVersion = 10.0.40219.1
Project("{FAE04EC0-301F-11D3-BF4B-00C04F79EFBC}") = "LinkedList", "LinkedList\LinkedList.csproj", "{94F85A39-1F8B-4600-A960-30EB25ECFE4E}"
EndProject
Global
	GlobalSection(SolutionConfigurationPlatforms) = preSolution
		Debug|Any CPU = Debug|Any CPU
		Release|Any CPU = Release|Any CPU
	EndGlobalSection
	GlobalSection(ProjectConfigurationPlatforms) = postSolution
		{94F85A39-1F8B-4600-A960-30EB25ECFE4E}.Debug|Any CPU.ActiveCfg = Debug|Any CPU
		{94F85A39-1F8B-4600-A960-30EB25ECFE4E}.Debug|Any CPU.Build.0 = Debug|Any CPU
		{94F85A39-1F8B-4600-A960-30EB25ECFE4E}.Release|Any CPU.ActiveCfg = Release|Any CPU
		{94F85A39-1F8B-4600-A960-30EB25ECFE4E}.Release|Any CPU.Build.0 = Release|Any CPU
	EndGlobalSection
	GlobalSection(SolutionProperties) = preSolution
		HideSolutionNode = FALSE
	EndGlobalSection
	GlobalSection(ExtensibilityGlobals) = postSolution
		SolutionGuid = {2FCA6163-01B9-4A89-A04B-F4640C09A283}
	EndGlobalSection
EndGlobal
